
Microsoft Visual Studio Solution File, Format Version 12.00
# Visual Studio Version 16
VisualStudioVersion = 16.0.29709.97
MinimumVisualStudioVersion = 10.0.40219.1
Project("{FAE04EC0-301F-11D3-BF4B-00C04F79EFBC}") = "Arrays", "Arrays.csproj", "{3DC19D35-E804-45E4-8E8B-28C1AC3E539D}"
EndProject
Global
	GlobalSection(SolutionConfigurationPlatforms) = preSolution
		Debug|Any CPU = Debug|Any CPU
		Release|Any CPU = Release|Any CPU
	EndGlobalSection
	GlobalSection(ProjectConfigurationPlatforms) = postSolution
		{3DC19D35-E804-45E4-8E8B-28C1AC3E539D}.Debug|Any CPU.ActiveCfg = Debug|Any CPU
		{3DC19D35-E804-45E4-8E8B-28C1AC3E539D}.Debug|Any CPU.Build.0 = Debug|Any CPU
		{3DC19D35-E804-45E4-8E8B-28C1AC3E539D}.Release|Any CPU.ActiveCfg = Release|Any CPU
		{3DC19D35-E804-45E4-8E8B-28C1AC3E539D}.Release|Any CPU.Build.0 = Release|Any CPU
	EndGlobalSection
	GlobalSection(SolutionProperties) = preSolution
		HideSolutionNode = FALSE
	EndGlobalSection
	GlobalSection(ExtensibilityGlobals) = postSolution
		SolutionGuid = {412470B6-2772-48CB-A796-D66F6FCD9A81}
	EndGlobalSection
EndGlobal
